# The install transaction's binding record: what the operator is allowed to
# apply, stated before the ceremony and asserted during it.
#
# scripts/install-kyverno-admission.sh renders the stage's root, hashes the
# bytes, and refuses to continue unless the digest and the object inventory
# below match exactly. A render that differs by one byte is not the reviewed
# install no matter which commit produced it — so a stale checkout, a different
# kustomize build, a local edit, or a supply-chain substitution in the pinned
# component export all stop the ceremony at the same guard.
#
# This file is DATA, never sourced. Parsed as `key=value`, `#` comments, no
# expansion, no execution.
#
# Regenerating it is a reviewed act, not a script flag: the installer has no
# mode that rewrites its own expectation. Produce the values with
#   ./scripts/install-kyverno-admission.sh --stage <stage> --render
# and commit them in the same pull request as whatever changed the render.
# tests/security/test_kyverno_install_contract.py re-derives both digests from
# the working tree, so a policy or patch change that forgets this file fails the
# suite rather than the install.

# The renderer identity these digests were produced by. A different kustomize
# build can legitimately produce different bytes; the installer proves the tool
# matches versions.env before it compares anything.
render.tool.name=kustomize
render.tool.version=v5.8.1

# STAGE-2 AUTHORIZATION — the promotion to enforce is NOT authorized.
#
# Authorization is a REVIEWED DECISION, recorded here rather than remembered,
# because a document that says "not authorized" is weaker than a script that
# refuses. The installer reads this before anything else: `--stage enforce`
# with `--apply` is refused outright and names the blockers, and `--plan`
# (which mutates nothing and is how the promotion gate is rehearsed and tested)
# prints the same refusal as a warning and continues.
#
# Three findings block it, each tracked, each independently reproduced:
#   #99   both require-signed-* policies render Audit with no rule-level action
#         in the enforce root, so stage 2 does not enforce image signatures
#   #100  the engine filters every ReplicaSet, so the release-readiness
#         ownership boundary is inert at admission
#   #102  the promotion has no canary and its evidence is not bound to the
#         exact installation
# Two further preconditions have since been SATISFIED and are recorded rather
# than dropped: #87 (connector identity) and #96 (the storage pivot) have both
# landed on main, and this branch has merged them.
#
# Flipping this to `yes` is a reviewed change with peer/platform validation
# recorded on the pull request that does it — never an edit made during a
# ceremony.
stage.enforce.authorized=no
stage.enforce.blocked-by=#99, #100, #102 (#87, #96 landed and are merged into this branch)

# THE BASE THESE DIGESTS DESCRIBE.
#
# Both roots compose `policies/kyverno/` through `../../admission`, so the
# rendered bytes depend on the committed policy set — and therefore on the base
# this branch lands on, not on this branch alone. #87 added a fourth rule to
# require-release-readiness and #96 rewrote the storage policy's rule bodies,
# both after this branch was cut, and each changes the rendered bytes. This
# branch has since MERGED `origin/main`, so the digests below describe this
# branch's own working tree, which is also the tree that lands. Re-derive them
# in the same pull request as anything that changes a committed policy, and
# keep the base recorded here so a reader can tell which tree they describe.
render.base=93960bc8611078fb97a23f08f824a97d299884b6

# STAGE 1 — kubernetes/platform/admission-install/report-only
report-only.sha256=0746ddbb1ecadeb9dda1740333fc0583a99a52acf45511e5ec758866d9b345d2
report-only.objects=22

# STAGE 2 — kubernetes/platform/admission-install/enforce
enforce.sha256=f5d6536f197af2c75b6706d5a1a58e967de3d4f868673302ef81b4e54a736167
enforce.objects=22

# The inventory, by scope. Both stages carry the identical object set — stage 1
# differs only in policy action fields — so one inventory governs both.
#
# The cluster-scoped names are the ones that matter for rollback: they are the
# objects a failed apply leaves behind outside the namespace, and the ones an
# existing installation would collide with. The installer proves each is absent
# before applying and removes exactly these on rollback.
inventory.cluster-scoped=11
inventory.namespaced=11
inventory.cluster-scoped.names=Namespace/kyverno,ClusterPolicy/disallow-public-services,ClusterPolicy/disallow-tenant-media-payloads,ClusterPolicy/disallow-undiscovered-storage,ClusterPolicy/require-approved-images,ClusterPolicy/require-exact-tenant-networking,ClusterPolicy/require-release-readiness,ClusterPolicy/require-restricted-workloads,ClusterPolicy/require-signed-lidersea-com,ClusterPolicy/require-signed-naranjo-online,ClusterPolicy/require-zero-site-capacity

# The webhook configurations Kyverno registers for ITSELF at runtime. They are
# not in the render and never will be — the controller writes them through its
# own RBAC once it starts — so rollback and break-glass cannot find them by
# inventory. They are enumerated here, and swept by label as well, because an
# unremoved webhook configuration is the one piece of residue that can keep
# refusing writes after the controller it points at is gone.
# The names are the exact constants pkg/config/config.go defines at the pinned
# v1.18.2 tag, transcribed in full rather than from memory: an omitted name is a
# webhook configuration that break-glass and rollback never delete by name, and
# `kyverno-cel-exception-validating-webhook-cfg` was missing from the first
# transcription. The label sweep is the backstop, not the primary.
runtime.webhooks.label=webhook.kyverno.io/managed-by=kyverno
runtime.webhooks.validating=kyverno-policy-validating-webhook-cfg,kyverno-resource-validating-webhook-cfg,kyverno-exception-validating-webhook-cfg,kyverno-cel-exception-validating-webhook-cfg,kyverno-global-context-validating-webhook-cfg,kyverno-cleanup-validating-webhook-cfg,kyverno-ttl-validating-webhook-cfg
runtime.webhooks.mutating=kyverno-policy-mutating-webhook-cfg,kyverno-resource-mutating-webhook-cfg,kyverno-verify-mutating-webhook-cfg

# The component export the promotion must land, and the render parameters it
# must be produced with. Recorded here so the reviewer of that pull request is
# checking against a written expectation rather than a memory.
#
#   source        the pinned Kyverno chart, rendered offline with `helm template`
#                 exactly as kubernetes/flux-system/controllers/gotk-components.yaml
#                 is generated by the pinned Flux CLI
#   config.create=false            these bytes own the engine configuration
#                                  (admission-install/enforce/config.yaml)
#   backgroundController.enabled=false
#   cleanupController.enabled=false the reviewed policy set is validate-only;
#                                  neither controller has work here, and both
#                                  cost a Pod on a one-node cluster
#   admissionController.replicas=1
#   reportsController.replicas=1   report generation is stage 1's evidence
#
# Until that export exists, kubernetes/platform/admission/kyverno/controllers.yaml
# remains the fail-closed sentinel it is today and the installer refuses every
# apply. That refusal is the intended state of this branch.
component.export.path=kubernetes/platform/admission/kyverno/controllers.yaml
component.export.status=sentinel-all-zero-digest
